
Microsoft Visual Studio Solution File, Format Version 12.00
# Visual Studio Version 17
VisualStudioVersion = 17.12.35527.113 d17.12
MinimumVisualStudioVersion = 10.0.40219.1
Project("{FAE04EC0-301F-11D3-BF4B-00C04F79EFBC}") = "Demo", "Demo\Demo.csproj", "{3E086A02-2ECF-4951-AF27-504A7D556609}"
EndProject
Global
	GlobalSection(SolutionConfigurationPlatforms) = preSolution
		Debug|Any CPU = Debug|Any CPU
		Release|Any CPU = Release|Any CPU
	EndGlobalSection
	GlobalSection(ProjectConfigurationPlatforms) = postSolution
		{3E086A02-2ECF-4951-AF27-504A7D556609}.Debug|Any CPU.ActiveCfg = Debug|Any CPU
		{3E086A02-2ECF-4951-AF27-504A7D556609}.Debug|Any CPU.Build.0 = Debug|Any CPU
		{3E086A02-2ECF-4951-AF27-504A7D556609}.Release|Any CPU.ActiveCfg = Release|Any CPU
		{3E086A02-2ECF-4951-AF27-504A7D556609}.Release|Any CPU.Build.0 = Release|Any CPU
	EndGlobalSection
	GlobalSection(SolutionProperties) = preSolution
		HideSolutionNode = FALSE
	EndGlobalSection
EndGlobal
